
Microsoft Visual Studio Solution File, Format Version 12.00
# Visual Studio 14
VisualStudioVersion = 14.0.23107.0
MinimumVisualStudioVersion = 10.0.40219.1
Project("{FAE04EC0-301F-11D3-BF4B-00C04F79EFBC}") = "Practice_1", "Practice_1\Practice_1.csproj", "{726D1E0E-2F44-41DA-9975-D66804AA0FE2}"
EndProject
Project("{FAE04EC0-301F-11D3-BF4B-00C04F79EFBC}") = "Practice_2", "Substring\Practice_2.csproj", "{6064A3A5-13FA-481B-AACF-5A3CCA84F28D}"
EndProject
Global
	GlobalSection(SolutionConfigurationPlatforms) = preSolution
		Debug|Any CPU = Debug|Any CPU
		Release|Any CPU = Release|Any CPU
	EndGlobalSection
	GlobalSection(ProjectConfigurationPlatforms) = postSolution
		{726D1E0E-2F44-41DA-9975-D66804AA0FE2}.Debug|Any CPU.ActiveCfg = Debug|Any CPU
		{726D1E0E-2F44-41DA-9975-D66804AA0FE2}.Debug|Any CPU.Build.0 = Debug|Any CPU
		{726D1E0E-2F44-41DA-9975-D66804AA0FE2}.Release|Any CPU.ActiveCfg = Release|Any CPU
		{726D1E0E-2F44-41DA-9975-D66804AA0FE2}.Release|Any CPU.Build.0 = Release|Any CPU
		{6064A3A5-13FA-481B-AACF-5A3CCA84F28D}.Debug|Any CPU.ActiveCfg = Debug|Any CPU
		{6064A3A5-13FA-481B-AACF-5A3CCA84F28D}.Debug|Any CPU.Build.0 = Debug|Any CPU
		{6064A3A5-13FA-481B-AACF-5A3CCA84F28D}.Release|Any CPU.ActiveCfg = Release|Any CPU
		{6064A3A5-13FA-481B-AACF-5A3CCA84F28D}.Release|Any CPU.Build.0 = Release|Any CPU
	EndGlobalSection
	GlobalSection(SolutionProperties) = preSolution
		HideSolutionNode = FALSE
	EndGlobalSection
EndGlobal
