
Microsoft Visual Studio Solution File, Format Version 12.00
# Visual Studio 14
VisualStudioVersion = 14.0.23107.0
MinimumVisualStudioVersion = 10.0.40219.1
Project("{FAE04EC0-301F-11D3-BF4B-00C04F79EFBC}") = "Converter", "Converter\Converter.csproj", "{C69B009F-DE47-4D78-8600-235EBC6B0309}"
EndProject
Project("{FAE04EC0-301F-11D3-BF4B-00C04F79EFBC}") = "Matrix", "Matrix\Matrix.csproj", "{65E38136-8973-40C7-8A93-83F32FF3F47F}"
EndProject
Project("{FAE04EC0-301F-11D3-BF4B-00C04F79EFBC}") = "MessagingSystem", "MessagingSystem\MessagingSystem.csproj", "{2FD86769-B7B8-4CD1-8E7A-1264E1393135}"
EndProject
Global
	GlobalSection(SolutionConfigurationPlatforms) = preSolution
		Debug|Any CPU = Debug|Any CPU
		Release|Any CPU = Release|Any CPU
	EndGlobalSection
	GlobalSection(ProjectConfigurationPlatforms) = postSolution
		{C69B009F-DE47-4D78-8600-235EBC6B0309}.Debug|Any CPU.ActiveCfg = Debug|Any CPU
		{C69B009F-DE47-4D78-8600-235EBC6B0309}.Debug|Any CPU.Build.0 = Debug|Any CPU
		{C69B009F-DE47-4D78-8600-235EBC6B0309}.Release|Any CPU.ActiveCfg = Release|Any CPU
		{C69B009F-DE47-4D78-8600-235EBC6B0309}.Release|Any CPU.Build.0 = Release|Any CPU
		{65E38136-8973-40C7-8A93-83F32FF3F47F}.Debug|Any CPU.ActiveCfg = Debug|Any CPU
		{65E38136-8973-40C7-8A93-83F32FF3F47F}.Debug|Any CPU.Build.0 = Debug|Any CPU
		{65E38136-8973-40C7-8A93-83F32FF3F47F}.Release|Any CPU.ActiveCfg = Release|Any CPU
		{65E38136-8973-40C7-8A93-83F32FF3F47F}.Release|Any CPU.Build.0 = Release|Any CPU
		{2FD86769-B7B8-4CD1-8E7A-1264E1393135}.Debug|Any CPU.ActiveCfg = Debug|Any CPU
		{2FD86769-B7B8-4CD1-8E7A-1264E1393135}.Debug|Any CPU.Build.0 = Debug|Any CPU
		{2FD86769-B7B8-4CD1-8E7A-1264E1393135}.Release|Any CPU.ActiveCfg = Release|Any CPU
		{2FD86769-B7B8-4CD1-8E7A-1264E1393135}.Release|Any CPU.Build.0 = Release|Any CPU
	EndGlobalSection
	GlobalSection(SolutionProperties) = preSolution
		HideSolutionNode = FALSE
	EndGlobalSection
EndGlobal
